
Microsoft Visual Studio Solution File, Format Version 12.00
# Visual Studio Version 16
VisualStudioVersion = 16.0.29424.173
MinimumVisualStudioVersion = 10.0.40219.1
Project("{FAE04EC0-301F-11D3-BF4B-00C04F79EFBC}") = "Edgy Name Generator", "Edgy Name Generator.csproj", "{04D7403E-37F9-4426-8603-28131047EA91}"
EndProject
Global
	GlobalSection(SolutionConfigurationPlatforms) = preSolution
		Debug|Any CPU = Debug|Any CPU
		Release|Any CPU = Release|Any CPU
	EndGlobalSection
	GlobalSection(ProjectConfigurationPlatforms) = postSolution
		{04D7403E-37F9-4426-8603-28131047EA91}.Debug|Any CPU.ActiveCfg = Debug|Any CPU
		{04D7403E-37F9-4426-8603-28131047EA91}.Debug|Any CPU.Build.0 = Debug|Any CPU
		{04D7403E-37F9-4426-8603-28131047EA91}.Release|Any CPU.ActiveCfg = Release|Any CPU
		{04D7403E-37F9-4426-8603-28131047EA91}.Release|Any CPU.Build.0 = Release|Any CPU
	EndGlobalSection
	GlobalSection(SolutionProperties) = preSolution
		HideSolutionNode = FALSE
	EndGlobalSection
	GlobalSection(ExtensibilityGlobals) = postSolution
		SolutionGuid = {62B3F176-3AF9-4E87-8451-9D557F907ED9}
	EndGlobalSection
EndGlobal
